{
   "name": "basic-sftp",
   "version": "0.1.1",
   "lockfileVersion": 3,
   "requires": true,
   "packages": {
      "": {
         "name": "basic-sftp",
         "version": "0.1.1",
         "license": "MIT",
         "dependencies": {
            "ssh2": "^1.11.0"
         },
         "devDependencies": {
            "@types/ssh2": "^1.11.6",
            "packages-update": "^1.2.1",
            "prettier": "^2.8.2",
            "typescript": "^4.9.4"
         },
         "engines": {
            "node": ">=14.18.0 || >=16.0.0",
            "npm": ">=7.0.2"
         }
      },
      "node_modules/@types/node": {
         "version": "18.11.18",
         "resolved": "https://registry.npmjs.org/@types/node/-/node-18.11.18.tgz",
         "integrity": "sha512-DHQpWGjyQKSHj3ebjFI/wRKcqQcdR+MoFBygntYOZytCqNfkd2ZC4ARDJ2DQqhjH5p85Nnd3jhUJIXrszFX/JA==",
         "dev": true
      },
      "node_modules/@types/ssh2": {
         "version": "1.11.6",
         "resolved": "https://registry.npmjs.org/@types/ssh2/-/ssh2-1.11.6.tgz",
         "integrity": "sha512-8Mf6bhzYYBLEB/G6COux7DS/F5bCWwojv/qFo2yH/e4cLzAavJnxvFXrYW59iKfXdhG6OmzJcXDasgOb/s0rxw==",
         "dev": true,
         "dependencies": {
            "@types/node": "*"
         }
      },
      "node_modules/asn1": {
         "version": "0.2.6",
         "resolved": "https://registry.npmjs.org/asn1/-/asn1-0.2.6.tgz",
         "integrity": "sha512-ix/FxPn0MDjeyJ7i/yoHGFt/EX6LyNbxSEhPPXODPL+KB0VPk86UYfL0lMdy+KCnv+fmvIzySwaK5COwqVbWTQ==",
         "dependencies": {
            "safer-buffer": "~2.1.0"
         }
      },
      "node_modules/bcrypt-pbkdf": {
         "version": "1.0.2",
         "resolved": "https://registry.npmjs.org/bcrypt-pbkdf/-/bcrypt-pbkdf-1.0.2.tgz",
         "integrity": "sha512-qeFIXtP4MSoi6NLqO12WfqARWWuCKi2Rn/9hJLEmtB5yTNr9DqFWkJRCf2qShWzPeAMRnOgCrq0sg/KLv5ES9w==",
         "dependencies": {
            "tweetnacl": "^0.14.3"
         }
      },
      "node_modules/buildcheck": {
         "version": "0.0.3",
         "resolved": "https://registry.npmjs.org/buildcheck/-/buildcheck-0.0.3.tgz",
         "integrity": "sha512-pziaA+p/wdVImfcbsZLNF32EiWyujlQLwolMqUQE8xpKNOH7KmZQaY8sXN7DGOEzPAElo9QTaeNRfGnf3iOJbA==",
         "optional": true,
         "engines": {
            "node": ">=10.0.0"
         }
      },
      "node_modules/cpu-features": {
         "version": "0.0.4",
         "resolved": "https://registry.npmjs.org/cpu-features/-/cpu-features-0.0.4.tgz",
         "integrity": "sha512-fKiZ/zp1mUwQbnzb9IghXtHtDoTMtNeb8oYGx6kX2SYfhnG0HNdBEBIzB9b5KlXu5DQPhfy3mInbBxFcgwAr3A==",
         "hasInstallScript": true,
         "optional": true,
         "dependencies": {
            "buildcheck": "0.0.3",
            "nan": "^2.15.0"
         },
         "engines": {
            "node": ">=10.0.0"
         }
      },
      "node_modules/nan": {
         "version": "2.17.0",
         "resolved": "https://registry.npmjs.org/nan/-/nan-2.17.0.tgz",
         "integrity": "sha512-2ZTgtl0nJsO0KQCjEpxcIr5D+Yv90plTitZt9JBfQvVJDS5seMl3FOvsh3+9CoYWXf/1l5OaZzzF6nDm4cagaQ==",
         "optional": true
      },
      "node_modules/packages-update": {
         "version": "1.2.1",
         "resolved": "https://registry.npmjs.org/packages-update/-/packages-update-1.2.1.tgz",
         "integrity": "sha512-UFm5T2eBGoSzYiT8JKzIJxbAMrfN7ugz1V7+7r3VcKJ4JJd8mXQwD3Slnkm0wgDJ75Xr5IUxmFQjJSd69XbgmA==",
         "dev": true,
         "bin": {
            "npm-packages-update": "bin/index.cjs",
            "npu": "bin/index.cjs",
            "packages-update": "bin/index.cjs",
            "pu": "bin/index.cjs"
         },
         "engines": {
            "node": ">=14.18.0 || >=16.0.0",
            "npm": ">=7.0.2"
         }
      },
      "node_modules/prettier": {
         "version": "2.8.2",
         "resolved": "https://registry.npmjs.org/prettier/-/prettier-2.8.2.tgz",
         "integrity": "sha512-BtRV9BcncDyI2tsuS19zzhzoxD8Dh8LiCx7j7tHzrkz8GFXAexeWFdi22mjE1d16dftH2qNaytVxqiRTGlMfpw==",
         "dev": true,
         "bin": {
            "prettier": "bin-prettier.js"
         },
         "engines": {
            "node": ">=10.13.0"
         },
         "funding": {
            "url": "https://github.com/prettier/prettier?sponsor=1"
         }
      },
      "node_modules/safer-buffer": {
         "version": "2.1.2",
         "resolved": "https://registry.npmjs.org/safer-buffer/-/safer-buffer-2.1.2.tgz",
         "integrity": "sha512-YZo3K82SD7Riyi0E1EQPojLz7kpepnSQI9IyPbHHg1XXXevb5dJI7tpyN2ADxGcQbHG7vcyRHk0cbwqcQriUtg=="
      },
      "node_modules/ssh2": {
         "version": "1.11.0",
         "resolved": "https://registry.npmjs.org/ssh2/-/ssh2-1.11.0.tgz",
         "integrity": "sha512-nfg0wZWGSsfUe/IBJkXVll3PEZ//YH2guww+mP88gTpuSU4FtZN7zu9JoeTGOyCNx2dTDtT9fOpWwlzyj4uOOw==",
         "hasInstallScript": true,
         "dependencies": {
            "asn1": "^0.2.4",
            "bcrypt-pbkdf": "^1.0.2"
         },
         "engines": {
            "node": ">=10.16.0"
         },
         "optionalDependencies": {
            "cpu-features": "~0.0.4",
            "nan": "^2.16.0"
         }
      },
      "node_modules/tweetnacl": {
         "version": "0.14.5",
         "resolved": "https://registry.npmjs.org/tweetnacl/-/tweetnacl-0.14.5.tgz",
         "integrity": "sha512-KXXFFdAbFXY4geFIwoyNK+f5Z1b7swfXABfL7HXCmoIWMKU3dmS26672A4EeQtDzLKy7SXmfBu51JolvEKwtGA=="
      },
      "node_modules/typescript": {
         "version": "4.9.4",
         "resolved": "https://registry.npmjs.org/typescript/-/typescript-4.9.4.tgz",
         "integrity": "sha512-Uz+dTXYzxXXbsFpM86Wh3dKCxrQqUcVMxwU54orwlJjOpO3ao8L7j5lH+dWfTwgCwIuM9GQ2kvVotzYJMXTBZg==",
         "dev": true,
         "bin": {
            "tsc": "bin/tsc",
            "tsserver": "bin/tsserver"
         },
         "engines": {
            "node": ">=4.2.0"
         }
      }
   }
}
